
Microsoft Visual Studio Solution File, Format Version 12.00
# Visual Studio Version 16
VisualStudioVersion = 16.0.30225.117
MinimumVisualStudioVersion = 10.0.40219.1
Project("{FAE04EC0-301F-11D3-BF4B-00C04F79EFBC}") = "ClassLibrary2", "ClassLibrary2\ClassLibrary2.csproj", "{4FCCC0C3-7F8D-421B-A2DB-888ECEB7AAFA}"
EndProject
Project("{FAE04EC0-301F-11D3-BF4B-00C04F79EFBC}") = "program", "program\program.csproj", "{EC53C913-AFA2-4499-9C1E-D7E7422BBA97}"
EndProject
Global
	GlobalSection(SolutionConfigurationPlatforms) = preSolution
		Debug|Any CPU = Debug|Any CPU
		Release|Any CPU = Release|Any CPU
	EndGlobalSection
	GlobalSection(ProjectConfigurationPlatforms) = postSolution
		{4FCCC0C3-7F8D-421B-A2DB-888ECEB7AAFA}.Debug|Any CPU.ActiveCfg = Debug|Any CPU
		{4FCCC0C3-7F8D-421B-A2DB-888ECEB7AAFA}.Debug|Any CPU.Build.0 = Debug|Any CPU
		{4FCCC0C3-7F8D-421B-A2DB-888ECEB7AAFA}.Release|Any CPU.ActiveCfg = Release|Any CPU
		{4FCCC0C3-7F8D-421B-A2DB-888ECEB7AAFA}.Release|Any CPU.Build.0 = Release|Any CPU
		{EC53C913-AFA2-4499-9C1E-D7E7422BBA97}.Debug|Any CPU.ActiveCfg = Debug|Any CPU
		{EC53C913-AFA2-4499-9C1E-D7E7422BBA97}.Debug|Any CPU.Build.0 = Debug|Any CPU
		{EC53C913-AFA2-4499-9C1E-D7E7422BBA97}.Release|Any CPU.ActiveCfg = Release|Any CPU
		{EC53C913-AFA2-4499-9C1E-D7E7422BBA97}.Release|Any CPU.Build.0 = Release|Any CPU
	EndGlobalSection
	GlobalSection(SolutionProperties) = preSolution
		HideSolutionNode = FALSE
	EndGlobalSection
	GlobalSection(ExtensibilityGlobals) = postSolution
		SolutionGuid = {6FDA5821-B7A9-48CB-9B1F-E0CFC95FFACA}
	EndGlobalSection
EndGlobal
